
Microsoft Visual Studio Solution File, Format Version 12.00
# Visual Studio 15
VisualStudioVersion = 15.0.28307.779
MinimumVisualStudioVersion = 10.0.40219.1
Project("{FAE04EC0-301F-11D3-BF4B-00C04F79EFBC}") = "Lands.Android", "Lands\Lands.Android\Lands.Android.csproj", "{9E07E041-923D-432D-B237-E16D0EBA22EC}"
EndProject
Project("{FAE04EC0-301F-11D3-BF4B-00C04F79EFBC}") = "Lands.iOS", "Lands\Lands.iOS\Lands.iOS.csproj", "{AB561C3B-DD93-4693-B69F-7217ED0E4586}"
EndProject
Project("{9A19103F-16F7-4668-BE54-9A1E7A4F7556}") = "Lands", "Lands\Lands\Lands.csproj", "{5DF6E656-9CB1-4BA3-A5C1-F665DA4DD720}"
EndProject
Project("{FAE04EC0-301F-11D3-BF4B-00C04F79EFBC}") = "Lands.Domain", "Lands.Domain\Lands.Domain.csproj", "{90D68C22-747E-4698-A60B-FCA020D47E38}"
EndProject
Project("{FAE04EC0-301F-11D3-BF4B-00C04F79EFBC}") = "Lands.Backend", "Lands.Backend\Lands.Backend.csproj", "{5FE97387-80EE-4AAD-A7E6-2F734E29E93C}"
EndProject
Project("{FAE04EC0-301F-11D3-BF4B-00C04F79EFBC}") = "Lands.Api", "Lands.Api\Lands.Api.csproj", "{631E841D-8C2F-4143-BFB3-59261E507042}"
EndProject
Global
	GlobalSection(SolutionConfigurationPlatforms) = preSolution
		Ad-Hoc|Any CPU = Ad-Hoc|Any CPU
		Ad-Hoc|iPhone = Ad-Hoc|iPhone
		Ad-Hoc|iPhoneSimulator = Ad-Hoc|iPhoneSimulator
		AppStore|Any CPU = AppStore|Any CPU
		AppStore|iPhone = AppStore|iPhone
		AppStore|iPhoneSimulator = AppStore|iPhoneSimulator
		Debug|Any CPU = Debug|Any CPU
		Debug|iPhone = Debug|iPhone
		Debug|iPhoneSimulator = Debug|iPhoneSimulator
		Release|Any CPU = Release|Any CPU
		Release|iPhone = Release|iPhone
		Release|iPhoneSimulator = Release|iPhoneSimulator
	EndGlobalSection
	GlobalSection(ProjectConfigurationPlatforms) = postSolution
		{9E07E041-923D-432D-B237-E16D0EBA22EC}.Ad-Hoc|Any CPU.ActiveCfg = Release|Any CPU
		{9E07E041-923D-432D-B237-E16D0EBA22EC}.Ad-Hoc|Any CPU.Build.0 = Release|Any CPU
		{9E07E041-923D-432D-B237-E16D0EBA22EC}.Ad-Hoc|Any CPU.Deploy.0 = Release|Any CPU
		{9E07E041-923D-432D-B237-E16D0EBA22EC}.Ad-Hoc|iPhone.ActiveCfg = Release|Any CPU
		{9E07E041-923D-432D-B237-E16D0EBA22EC}.Ad-Hoc|iPhone.Build.0 = Release|Any CPU
		{9E07E041-923D-432D-B237-E16D0EBA22EC}.Ad-Hoc|iPhone.Deploy.0 = Release|Any CPU
		{9E07E041-923D-432D-B237-E16D0EBA22EC}.Ad-Hoc|iPhoneSimulator.ActiveCfg = Release|Any CPU
		{9E07E041-923D-432D-B237-E16D0EBA22EC}.Ad-Hoc|iPhoneSimulator.Build.0 = Release|Any CPU
		{9E07E041-923D-432D-B237-E16D0EBA22EC}.Ad-Hoc|iPhoneSimulator.Deploy.0 = Release|Any CPU
		{9E07E041-923D-432D-B237-E16D0EBA22EC}.AppStore|Any CPU.ActiveCfg = Release|Any CPU
		{9E07E041-923D-432D-B237-E16D0EBA22EC}.AppStore|Any CPU.Build.0 = Release|Any CPU
		{9E07E041-923D-432D-B237-E16D0EBA22EC}.AppStore|Any CPU.Deploy.0 = Release|Any CPU
		{9E07E041-923D-432D-B237-E16D0EBA22EC}.AppStore|iPhone.ActiveCfg = Release|Any CPU
		{9E07E041-923D-432D-B237-E16D0EBA22EC}.AppStore|iPhone.Build.0 = Release|Any CPU
		{9E07E041-923D-432D-B237-E16D0EBA22EC}.AppStore|iPhone.Deploy.0 = Release|Any CPU
		{9E07E041-923D-432D-B237-E16D0EBA22EC}.AppStore|iPhoneSimulator.ActiveCfg = Release|Any CPU
		{9E07E041-923D-432D-B237-E16D0EBA22EC}.AppStore|iPhoneSimulator.Build.0 = Release|Any CPU
		{9E07E041-923D-432D-B237-E16D0EBA22EC}.AppStore|iPhoneSimulator.Deploy.0 = Release|Any CPU
		{9E07E041-923D-432D-B237-E16D0EBA22EC}.Debug|Any CPU.ActiveCfg = Debug|Any CPU
		{9E07E041-923D-432D-B237-E16D0EBA22EC}.Debug|Any CPU.Build.0 = Debug|Any CPU
		{9E07E041-923D-432D-B237-E16D0EBA22EC}.Debug|Any CPU.Deploy.0 = Debug|Any CPU
		{9E07E041-923D-432D-B237-E16D0EBA22EC}.Debug|iPhone.ActiveCfg = Debug|Any CPU
		{9E07E041-923D-432D-B237-E16D0EBA22EC}.Debug|iPhone.Build.0 = Debug|Any CPU
		{9E07E041-923D-432D-B237-E16D0EBA22EC}.Debug|iPhone.Deploy.0 = Debug|Any CPU
		{9E07E041-923D-432D-B237-E16D0EBA22EC}.Debug|iPhoneSimulator.ActiveCfg = Debug|Any CPU
		{9E07E041-923D-432D-B237-E16D0EBA22EC}.Debug|iPhoneSimulator.Build.0 = Debug|Any CPU
		{9E07E041-923D-432D-B237-E16D0EBA22EC}.Debug|iPhoneSimulator.Deploy.0 = Debug|Any CPU
		{9E07E041-923D-432D-B237-E16D0EBA22EC}.Release|Any CPU.ActiveCfg = Release|Any CPU
		{9E07E041-923D-432D-B237-E16D0EBA22EC}.Release|Any CPU.Build.0 = Release|Any CPU
		{9E07E041-923D-432D-B237-E16D0EBA22EC}.Release|Any CPU.Deploy.0 = Release|Any CPU
		{9E07E041-923D-432D-B237-E16D0EBA22EC}.Release|iPhone.ActiveCfg = Release|Any CPU
		{9E07E041-923D-432D-B237-E16D0EBA22EC}.Release|iPhone.Build.0 = Release|Any CPU
		{9E07E041-923D-432D-B237-E16D0EBA22EC}.Release|iPhone.Deploy.0 = Release|Any CPU
		{9E07E041-923D-432D-B237-E16D0EBA22EC}.Release|iPhoneSimulator.ActiveCfg = Release|Any CPU
		{9E07E041-923D-432D-B237-E16D0EBA22EC}.Release|iPhoneSimulator.Build.0 = Release|Any CPU
		{9E07E041-923D-432D-B237-E16D0EBA22EC}.Release|iPhoneSimulator.Deploy.0 = Release|Any CPU
		{AB561C3B-DD93-4693-B69F-7217ED0E4586}.Ad-Hoc|Any CPU.ActiveCfg = Ad-Hoc|iPhone
		{AB561C3B-DD93-4693-B69F-7217ED0E4586}.Ad-Hoc|Any CPU.Build.0 = Ad-Hoc|iPhone
		{AB561C3B-DD93-4693-B69F-7217ED0E4586}.Ad-Hoc|Any CPU.Deploy.0 = Ad-Hoc|iPhone
		{AB561C3B-DD93-4693-B69F-7217ED0E4586}.Ad-Hoc|iPhone.ActiveCfg = Ad-Hoc|iPhone
		{AB561C3B-DD93-4693-B69F-7217ED0E4586}.Ad-Hoc|iPhone.Build.0 = Ad-Hoc|iPhone
		{AB561C3B-DD93-4693-B69F-7217ED0E4586}.Ad-Hoc|iPhone.Deploy.0 = Ad-Hoc|iPhone
		{AB561C3B-DD93-4693-B69F-7217ED0E4586}.Ad-Hoc|iPhoneSimulator.ActiveCfg = Ad-Hoc|iPhoneSimulator
		{AB561C3B-DD93-4693-B69F-7217ED0E4586}.Ad-Hoc|iPhoneSimulator.Build.0 = Ad-Hoc|iPhoneSimulator
		{AB561C3B-DD93-4693-B69F-7217ED0E4586}.Ad-Hoc|iPhoneSimulator.Deploy.0 = Ad-Hoc|iPhoneSimulator
		{AB561C3B-DD93-4693-B69F-7217ED0E4586}.AppStore|Any CPU.ActiveCfg = AppStore|iPhone
		{AB561C3B-DD93-4693-B69F-7217ED0E4586}.AppStore|Any CPU.Build.0 = AppStore|iPhone
		{AB561C3B-DD93-4693-B69F-7217ED0E4586}.AppStore|Any CPU.Deploy.0 = AppStore|iPhone
		{AB561C3B-DD93-4693-B69F-7217ED0E4586}.AppStore|iPhone.ActiveCfg = AppStore|iPhone
		{AB561C3B-DD93-4693-B69F-7217ED0E4586}.AppStore|iPhone.Build.0 = AppStore|iPhone
		{AB561C3B-DD93-4693-B69F-7217ED0E4586}.AppStore|iPhone.Deploy.0 = AppStore|iPhone
		{AB561C3B-DD93-4693-B69F-7217ED0E4586}.AppStore|iPhoneSimulator.ActiveCfg = AppStore|iPhoneSimulator
		{AB561C3B-DD93-4693-B69F-7217ED0E4586}.AppStore|iPhoneSimulator.Build.0 = AppStore|iPhoneSimulator
		{AB561C3B-DD93-4693-B69F-7217ED0E4586}.AppStore|iPhoneSimulator.Deploy.0 = AppStore|iPhoneSimulator
		{AB561C3B-DD93-4693-B69F-7217ED0E4586}.Debug|Any CPU.ActiveCfg = Debug|iPhoneSimulator
		{AB561C3B-DD93-4693-B69F-7217ED0E4586}.Debug|Any CPU.Build.0 = Debug|iPhoneSimulator
		{AB561C3B-DD93-4693-B69F-7217ED0E4586}.Debug|Any CPU.Deploy.0 = Debug|iPhoneSimulator
		{AB561C3B-DD93-4693-B69F-7217ED0E4586}.Debug|iPhone.ActiveCfg = Debug|iPhone
		{AB561C3B-DD93-4693-B69F-7217ED0E4586}.Debug|iPhone.Build.0 = Debug|iPhone
		{AB561C3B-DD93-4693-B69F-7217ED0E4586}.Debug|iPhone.Deploy.0 = Debug|iPhone
		{AB561C3B-DD93-4693-B69F-7217ED0E4586}.Debug|iPhoneSimulator.ActiveCfg = Debug|iPhoneSimulator
		{AB561C3B-DD93-4693-B69F-7217ED0E4586}.Debug|iPhoneSimulator.Build.0 = Debug|iPhoneSimulator
		{AB561C3B-DD93-4693-B69F-7217ED0E4586}.Debug|iPhoneSimulator.Deploy.0 = Debug|iPhoneSimulator
		{AB561C3B-DD93-4693-B69F-7217ED0E4586}.Release|Any CPU.ActiveCfg = Release|iPhone
		{AB561C3B-DD93-4693-B69F-7217ED0E4586}.Release|Any CPU.Build.0 = Release|iPhone
		{AB561C3B-DD93-4693-B69F-7217ED0E4586}.Release|Any CPU.Deploy.0 = Release|iPhone
		{AB561C3B-DD93-4693-B69F-7217ED0E4586}.Release|iPhone.ActiveCfg = Release|iPhone
		{AB561C3B-DD93-4693-B69F-7217ED0E4586}.Release|iPhone.Build.0 = Release|iPhone
		{AB561C3B-DD93-4693-B69F-7217ED0E4586}.Release|iPhone.Deploy.0 = Release|iPhone
		{AB561C3B-DD93-4693-B69F-7217ED0E4586}.Release|iPhoneSimulator.ActiveCfg = Release|iPhoneSimulator
		{AB561C3B-DD93-4693-B69F-7217ED0E4586}.Release|iPhoneSimulator.Build.0 = Release|iPhoneSimulator
		{AB561C3B-DD93-4693-B69F-7217ED0E4586}.Release|iPhoneSimulator.Deploy.0 = Release|iPhoneSimulator
		{5DF6E656-9CB1-4BA3-A5C1-F665DA4DD720}.Ad-Hoc|Any CPU.ActiveCfg = Debug|Any CPU
		{5DF6E656-9CB1-4BA3-A5C1-F665DA4DD720}.Ad-Hoc|Any CPU.Build.0 = Debug|Any CPU
		{5DF6E656-9CB1-4BA3-A5C1-F665DA4DD720}.Ad-Hoc|Any CPU.Deploy.0 = Debug|Any CPU
		{5DF6E656-9CB1-4BA3-A5C1-F665DA4DD720}.Ad-Hoc|iPhone.ActiveCfg = Debug|Any CPU
		{5DF6E656-9CB1-4BA3-A5C1-F665DA4DD720}.Ad-Hoc|iPhone.Build.0 = Debug|Any CPU
		{5DF6E656-9CB1-4BA3-A5C1-F665DA4DD720}.Ad-Hoc|iPhone.Deploy.0 = Debug|Any CPU
		{5DF6E656-9CB1-4BA3-A5C1-F665DA4DD720}.Ad-Hoc|iPhoneSimulator.ActiveCfg = Debug|Any CPU
		{5DF6E656-9CB1-4BA3-A5C1-F665DA4DD720}.Ad-Hoc|iPhoneSimulator.Build.0 = Debug|Any CPU
		{5DF6E656-9CB1-4BA3-A5C1-F665DA4DD720}.Ad-Hoc|iPhoneSimulator.Deploy.0 = Debug|Any CPU
		{5DF6E656-9CB1-4BA3-A5C1-F665DA4DD720}.AppStore|Any CPU.ActiveCfg = Debug|Any CPU
		{5DF6E656-9CB1-4BA3-A5C1-F665DA4DD720}.AppStore|Any CPU.Build.0 = Debug|Any CPU
		{5DF6E656-9CB1-4BA3-A5C1-F665DA4DD720}.AppStore|Any CPU.Deploy.0 = Debug|Any CPU
		{5DF6E656-9CB1-4BA3-A5C1-F665DA4DD720}.AppStore|iPhone.ActiveCfg = Debug|Any CPU
		{5DF6E656-9CB1-4BA3-A5C1-F665DA4DD720}.AppStore|iPhone.Build.0 = Debug|Any CPU
		{5DF6E656-9CB1-4BA3-A5C1-F665DA4DD720}.AppStore|iPhone.Deploy.0 = Debug|Any CPU
		{5DF6E656-9CB1-4BA3-A5C1-F665DA4DD720}.AppStore|iPhoneSimulator.ActiveCfg = Debug|Any CPU
		{5DF6E656-9CB1-4BA3-A5C1-F665DA4DD720}.AppStore|iPhoneSimulator.Build.0 = Debug|Any CPU
		{5DF6E656-9CB1-4BA3-A5C1-F665DA4DD720}.AppStore|iPhoneSimulator.Deploy.0 = Debug|Any CPU
		{5DF6E656-9CB1-4BA3-A5C1-F665DA4DD720}.Debug|Any CPU.ActiveCfg = Debug|Any CPU
		{5DF6E656-9CB1-4BA3-A5C1-F665DA4DD720}.Debug|Any CPU.Build.0 = Debug|Any CPU
		{5DF6E656-9CB1-4BA3-A5C1-F665DA4DD720}.Debug|Any CPU.Deploy.0 = Debug|Any CPU
		{5DF6E656-9CB1-4BA3-A5C1-F665DA4DD720}.Debug|iPhone.ActiveCfg = Debug|Any CPU
		{5DF6E656-9CB1-4BA3-A5C1-F665DA4DD720}.Debug|iPhone.Build.0 = Debug|Any CPU
		{5DF6E656-9CB1-4BA3-A5C1-F665DA4DD720}.Debug|iPhone.Deploy.0 = Debug|Any CPU
		{5DF6E656-9CB1-4BA3-A5C1-F665DA4DD720}.Debug|iPhoneSimulator.ActiveCfg = Debug|Any CPU
		{5DF6E656-9CB1-4BA3-A5C1-F665DA4DD720}.Debug|iPhoneSimulator.Build.0 = Debug|Any CPU
		{5DF6E656-9CB1-4BA3-A5C1-F665DA4DD720}.Debug|iPhoneSimulator.Deploy.0 = Debug|Any CPU
		{5DF6E656-9CB1-4BA3-A5C1-F665DA4DD720}.Release|Any CPU.ActiveCfg = Release|Any CPU
		{5DF6E656-9CB1-4BA3-A5C1-F665DA4DD720}.Release|Any CPU.Build.0 = Release|Any CPU
		{5DF6E656-9CB1-4BA3-A5C1-F665DA4DD720}.Release|Any CPU.Deploy.0 = Release|Any CPU
		{5DF6E656-9CB1-4BA3-A5C1-F665DA4DD720}.Release|iPhone.ActiveCfg = Release|Any CPU
		{5DF6E656-9CB1-4BA3-A5C1-F665DA4DD720}.Release|iPhone.Build.0 = Release|Any CPU
		{5DF6E656-9CB1-4BA3-A5C1-F665DA4DD720}.Release|iPhone.Deploy.0 = Release|Any CPU
		{5DF6E656-9CB1-4BA3-A5C1-F665DA4DD720}.Release|iPhoneSimulator.ActiveCfg = Release|Any CPU
		{5DF6E656-9CB1-4BA3-A5C1-F665DA4DD720}.Release|iPhoneSimulator.Build.0 = Release|Any CPU
		{5DF6E656-9CB1-4BA3-A5C1-F665DA4DD720}.Release|iPhoneSimulator.Deploy.0 = Release|Any CPU
		{90D68C22-747E-4698-A60B-FCA020D47E38}.Ad-Hoc|Any CPU.ActiveCfg = Release|Any CPU
		{90D68C22-747E-4698-A60B-FCA020D47E38}.Ad-Hoc|Any CPU.Build.0 = Release|Any CPU
		{90D68C22-747E-4698-A60B-FCA020D47E38}.Ad-Hoc|iPhone.ActiveCfg = Release|Any CPU
		{90D68C22-747E-4698-A60B-FCA020D47E38}.Ad-Hoc|iPhone.Build.0 = Release|Any CPU
		{90D68C22-747E-4698-A60B-FCA020D47E38}.Ad-Hoc|iPhoneSimulator.ActiveCfg = Release|Any CPU
		{90D68C22-747E-4698-A60B-FCA020D47E38}.Ad-Hoc|iPhoneSimulator.Build.0 = Release|Any CPU
		{90D68C22-747E-4698-A60B-FCA020D47E38}.AppStore|Any CPU.ActiveCfg = Release|Any CPU
		{90D68C22-747E-4698-A60B-FCA020D47E38}.AppStore|Any CPU.Build.0 = Release|Any CPU
		{90D68C22-747E-4698-A60B-FCA020D47E38}.AppStore|iPhone.ActiveCfg = Release|Any CPU
		{90D68C22-747E-4698-A60B-FCA020D47E38}.AppStore|iPhone.Build.0 = Release|Any CPU
		{90D68C22-747E-4698-A60B-FCA020D47E38}.AppStore|iPhoneSimulator.ActiveCfg = Release|Any CPU
		{90D68C22-747E-4698-A60B-FCA020D47E38}.AppStore|iPhoneSimulator.Build.0 = Release|Any CPU
		{90D68C22-747E-4698-A60B-FCA020D47E38}.Debug|Any CPU.ActiveCfg = Debug|Any CPU
		{90D68C22-747E-4698-A60B-FCA020D47E38}.Debug|Any CPU.Build.0 = Debug|Any CPU
		{90D68C22-747E-4698-A60B-FCA020D47E38}.Debug|iPhone.ActiveCfg = Debug|Any CPU
		{90D68C22-747E-4698-A60B-FCA020D47E38}.Debug|iPhone.Build.0 = Debug|Any CPU
		{90D68C22-747E-4698-A60B-FCA020D47E38}.Debug|iPhoneSimulator.ActiveCfg = Debug|Any CPU
		{90D68C22-747E-4698-A60B-FCA020D47E38}.Debug|iPhoneSimulator.Build.0 = Debug|Any CPU
		{90D68C22-747E-4698-A60B-FCA020D47E38}.Release|Any CPU.ActiveCfg = Release|Any CPU
		{90D68C22-747E-4698-A60B-FCA020D47E38}.Release|Any CPU.Build.0 = Release|Any CPU
		{90D68C22-747E-4698-A60B-FCA020D47E38}.Release|iPhone.ActiveCfg = Release|Any CPU
		{90D68C22-747E-4698-A60B-FCA020D47E38}.Release|iPhone.Build.0 = Release|Any CPU
		{90D68C22-747E-4698-A60B-FCA020D47E38}.Release|iPhoneSimulator.ActiveCfg = Release|Any CPU
		{90D68C22-747E-4698-A60B-FCA020D47E38}.Release|iPhoneSimulator.Build.0 = Release|Any CPU
		{5FE97387-80EE-4AAD-A7E6-2F734E29E93C}.Ad-Hoc|Any CPU.ActiveCfg = Release|Any CPU
		{5FE97387-80EE-4AAD-A7E6-2F734E29E93C}.Ad-Hoc|Any CPU.Build.0 = Release|Any CPU
		{5FE97387-80EE-4AAD-A7E6-2F734E29E93C}.Ad-Hoc|iPhone.ActiveCfg = Release|Any CPU
		{5FE97387-80EE-4AAD-A7E6-2F734E29E93C}.Ad-Hoc|iPhone.Build.0 = Release|Any CPU
		{5FE97387-80EE-4AAD-A7E6-2F734E29E93C}.Ad-Hoc|iPhoneSimulator.ActiveCfg = Release|Any CPU
		{5FE97387-80EE-4AAD-A7E6-2F734E29E93C}.Ad-Hoc|iPhoneSimulator.Build.0 = Release|Any CPU
		{5FE97387-80EE-4AAD-A7E6-2F734E29E93C}.AppStore|Any CPU.ActiveCfg = Release|Any CPU
		{5FE97387-80EE-4AAD-A7E6-2F734E29E93C}.AppStore|Any CPU.Build.0 = Release|Any CPU
		{5FE97387-80EE-4AAD-A7E6-2F734E29E93C}.AppStore|iPhone.ActiveCfg = Release|Any CPU
		{5FE97387-80EE-4AAD-A7E6-2F734E29E93C}.AppStore|iPhone.Build.0 = Release|Any CPU
		{5FE97387-80EE-4AAD-A7E6-2F734E29E93C}.AppStore|iPhoneSimulator.ActiveCfg = Release|Any CPU
		{5FE97387-80EE-4AAD-A7E6-2F734E29E93C}.AppStore|iPhoneSimulator.Build.0 = Release|Any CPU
		{5FE97387-80EE-4AAD-A7E6-2F734E29E93C}.Debug|Any CPU.ActiveCfg = Debug|Any CPU
		{5FE97387-80EE-4AAD-A7E6-2F734E29E93C}.Debug|Any CPU.Build.0 = Debug|Any CPU
		{5FE97387-80EE-4AAD-A7E6-2F734E29E93C}.Debug|iPhone.ActiveCfg = Debug|Any CPU
		{5FE97387-80EE-4AAD-A7E6-2F734E29E93C}.Debug|iPhone.Build.0 = Debug|Any CPU
		{5FE97387-80EE-4AAD-A7E6-2F734E29E93C}.Debug|iPhoneSimulator.ActiveCfg = Debug|Any CPU
		{5FE97387-80EE-4AAD-A7E6-2F734E29E93C}.Debug|iPhoneSimulator.Build.0 = Debug|Any CPU
		{5FE97387-80EE-4AAD-A7E6-2F734E29E93C}.Release|Any CPU.ActiveCfg = Release|Any CPU
		{5FE97387-80EE-4AAD-A7E6-2F734E29E93C}.Release|Any CPU.Build.0 = Release|Any CPU
		{5FE97387-80EE-4AAD-A7E6-2F734E29E93C}.Release|iPhone.ActiveCfg = Release|Any CPU
		{5FE97387-80EE-4AAD-A7E6-2F734E29E93C}.Release|iPhone.Build.0 = Release|Any CPU
		{5FE97387-80EE-4AAD-A7E6-2F734E29E93C}.Release|iPhoneSimulator.ActiveCfg = Release|Any CPU
		{5FE97387-80EE-4AAD-A7E6-2F734E29E93C}.Release|iPhoneSimulator.Build.0 = Release|Any CPU
		{631E841D-8C2F-4143-BFB3-59261E507042}.Ad-Hoc|Any CPU.ActiveCfg = Release|Any CPU
		{631E841D-8C2F-4143-BFB3-59261E507042}.Ad-Hoc|Any CPU.Build.0 = Release|Any CPU
		{631E841D-8C2F-4143-BFB3-59261E507042}.Ad-Hoc|iPhone.ActiveCfg = Release|Any CPU
		{631E841D-8C2F-4143-BFB3-59261E507042}.Ad-Hoc|iPhone.Build.0 = Release|Any CPU
		{631E841D-8C2F-4143-BFB3-59261E507042}.Ad-Hoc|iPhoneSimulator.ActiveCfg = Release|Any CPU
		{631E841D-8C2F-4143-BFB3-59261E507042}.Ad-Hoc|iPhoneSimulator.Build.0 = Release|Any CPU
		{631E841D-8C2F-4143-BFB3-59261E507042}.AppStore|Any CPU.ActiveCfg = Release|Any CPU
		{631E841D-8C2F-4143-BFB3-59261E507042}.AppStore|Any CPU.Build.0 = Release|Any CPU
		{631E841D-8C2F-4143-BFB3-59261E507042}.AppStore|iPhone.ActiveCfg = Release|Any CPU
		{631E841D-8C2F-4143-BFB3-59261E507042}.AppStore|iPhone.Build.0 = Release|Any CPU
		{631E841D-8C2F-4143-BFB3-59261E507042}.AppStore|iPhoneSimulator.ActiveCfg = Release|Any CPU
		{631E841D-8C2F-4143-BFB3-59261E507042}.AppStore|iPhoneSimulator.Build.0 = Release|Any CPU
		{631E841D-8C2F-4143-BFB3-59261E507042}.Debug|Any CPU.ActiveCfg = Debug|Any CPU
		{631E841D-8C2F-4143-BFB3-59261E507042}.Debug|Any CPU.Build.0 = Debug|Any CPU
		{631E841D-8C2F-4143-BFB3-59261E507042}.Debug|iPhone.ActiveCfg = Debug|Any CPU
		{631E841D-8C2F-4143-BFB3-59261E507042}.Debug|iPhone.Build.0 = Debug|Any CPU
		{631E841D-8C2F-4143-BFB3-59261E507042}.Debug|iPhoneSimulator.ActiveCfg = Debug|Any CPU
		{631E841D-8C2F-4143-BFB3-59261E507042}.Debug|iPhoneSimulator.Build.0 = Debug|Any CPU
		{631E841D-8C2F-4143-BFB3-59261E507042}.Release|Any CPU.ActiveCfg = Release|Any CPU
		{631E841D-8C2F-4143-BFB3-59261E507042}.Release|Any CPU.Build.0 = Release|Any CPU
		{631E841D-8C2F-4143-BFB3-59261E507042}.Release|iPhone.ActiveCfg = Release|Any CPU
		{631E841D-8C2F-4143-BFB3-59261E507042}.Release|iPhone.Build.0 = Release|Any CPU
		{631E841D-8C2F-4143-BFB3-59261E507042}.Release|iPhoneSimulator.ActiveCfg = Release|Any CPU
		{631E841D-8C2F-4143-BFB3-59261E507042}.Release|iPhoneSimulator.Build.0 = Release|Any CPU
	EndGlobalSection
	GlobalSection(SolutionProperties) = preSolution
		HideSolutionNode = FALSE
	EndGlobalSection
	GlobalSection(ExtensibilityGlobals) = postSolution
		SolutionGuid = {C286D98D-4EEE-4BC9-AAB7-2F792FB2C65F}
	EndGlobalSection
EndGlobal
